
Microsoft Visual Studio Solution File, Format Version 12.00
# Visual Studio Version 16
VisualStudioVersion = 16.0.33927.289
MinimumVisualStudioVersion = 10.0.40219.1
Project("{2150E333-8FDC-42A3-9474-1A3956D46DE8}") = "Task0", "Task0", "{2FF66103-315B-46A8-96DC-02BA34329353}"
EndProject
Project("{FAE04EC0-301F-11D3-BF4B-00C04F79EFBC}") = "Tyuiu.VelizhaninPI.Sprint1.Task0.V10", "Tyuiu.VelizhaninPI.Sprint1.Task0.V10\Tyuiu.VelizhaninPI.Sprint1.Task0.V10.csproj", "{75C6D143-FED4-491A-8BEE-344A567C3A1B}"
EndProject
Project("{FAE04EC0-301F-11D3-BF4B-00C04F79EFBC}") = "Tyuiu.VelizhaninPI.Sprint1.Task0.V10.Lib", "Tyuiu.VelizhaninPI.Sprint1.Task0.V10.Lib\Tyuiu.VelizhaninPI.Sprint1.Task0.V10.Lib.csproj", "{652AF865-F45D-4E0F-93FB-67CE101BB691}"
EndProject
Project("{FAE04EC0-301F-11D3-BF4B-00C04F79EFBC}") = "Tyuiu.VelizhaninPI.Sprint1.Task0.V10.Test", "Tyuiu.VelizhaninPI.Sprint1.Task0.V10.Test\Tyuiu.VelizhaninPI.Sprint1.Task0.V10.Test.csproj", "{DC73FF61-4EA3-4689-86EB-62438127E9A3}"
EndProject
Global
	GlobalSection(SolutionConfigurationPlatforms) = preSolution
		Debug|Any CPU = Debug|Any CPU
		Release|Any CPU = Release|Any CPU
	EndGlobalSection
	GlobalSection(ProjectConfigurationPlatforms) = postSolution
		{75C6D143-FED4-491A-8BEE-344A567C3A1B}.Debug|Any CPU.ActiveCfg = Debug|Any CPU
		{75C6D143-FED4-491A-8BEE-344A567C3A1B}.Debug|Any CPU.Build.0 = Debug|Any CPU
		{75C6D143-FED4-491A-8BEE-344A567C3A1B}.Release|Any CPU.ActiveCfg = Release|Any CPU
		{75C6D143-FED4-491A-8BEE-344A567C3A1B}.Release|Any CPU.Build.0 = Release|Any CPU
		{652AF865-F45D-4E0F-93FB-67CE101BB691}.Debug|Any CPU.ActiveCfg = Debug|Any CPU
		{652AF865-F45D-4E0F-93FB-67CE101BB691}.Debug|Any CPU.Build.0 = Debug|Any CPU
		{652AF865-F45D-4E0F-93FB-67CE101BB691}.Release|Any CPU.ActiveCfg = Release|Any CPU
		{652AF865-F45D-4E0F-93FB-67CE101BB691}.Release|Any CPU.Build.0 = Release|Any CPU
		{DC73FF61-4EA3-4689-86EB-62438127E9A3}.Debug|Any CPU.ActiveCfg = Debug|Any CPU
		{DC73FF61-4EA3-4689-86EB-62438127E9A3}.Debug|Any CPU.Build.0 = Debug|Any CPU
		{DC73FF61-4EA3-4689-86EB-62438127E9A3}.Release|Any CPU.ActiveCfg = Release|Any CPU
		{DC73FF61-4EA3-4689-86EB-62438127E9A3}.Release|Any CPU.Build.0 = Release|Any CPU
	EndGlobalSection
	GlobalSection(SolutionProperties) = preSolution
		HideSolutionNode = FALSE
	EndGlobalSection
	GlobalSection(NestedProjects) = preSolution
		{75C6D143-FED4-491A-8BEE-344A567C3A1B} = {2FF66103-315B-46A8-96DC-02BA34329353}
		{652AF865-F45D-4E0F-93FB-67CE101BB691} = {2FF66103-315B-46A8-96DC-02BA34329353}
		{DC73FF61-4EA3-4689-86EB-62438127E9A3} = {2FF66103-315B-46A8-96DC-02BA34329353}
	EndGlobalSection
	GlobalSection(ExtensibilityGlobals) = postSolution
		SolutionGuid = {3B34B95E-5E6A-46AE-9BDE-A994123EA170}
	EndGlobalSection
EndGlobal
