
Microsoft Visual Studio Solution File, Format Version 12.00
# Visual Studio Version 16
VisualStudioVersion = 16.0.33927.289
MinimumVisualStudioVersion = 10.0.40219.1
Project("{2150E333-8FDC-42A3-9474-1A3956D46DE8}") = "Task0", "Task0", "{2FF66103-315B-46A8-96DC-02BA34329353}"
EndProject
Project("{FAE04EC0-301F-11D3-BF4B-00C04F79EFBC}") = "Tyuiu.VelizhaninPI.Sprint1.Task0.V10", "Tyuiu.VelizhaninPI.Sprint1.Task0.V10\Tyuiu.VelizhaninPI.Sprint1.Task0.V10.csproj", "{75C6D143-FED4-491A-8BEE-344A567C3A1B}"
EndProject
Project("{FAE04EC0-301F-11D3-BF4B-00C04F79EFBC}") = "Tyuiu.VelizhaninPI.Sprint1.Task0.V10.Lib", "Tyuiu.VelizhaninPI.Sprint1.Task0.V10.Lib\Tyuiu.VelizhaninPI.Sprint1.Task0.V10.Lib.csproj", "{652AF865-F45D-4E0F-93FB-67CE101BB691}"
EndProject
Project("{FAE04EC0-301F-11D3-BF4B-00C04F79EFBC}") = "Tyuiu.VelizhaninPI.Sprint1.Task0.V10.Test", "Tyuiu.VelizhaninPI.Sprint1.Task0.V10.Test\Tyuiu.VelizhaninPI.Sprint1.Task0.V10.Test.csproj", "{DC73FF61-4EA3-4689-86EB-62438127E9A3}"
EndProject
Project("{2150E333-8FDC-42A3-9474-1A3956D46DE8}") = "Task1", "Task1", "{0AC966E5-7749-405B-A2CB-BFE852D2A4BC}"
EndProject
Project("{FAE04EC0-301F-11D3-BF4B-00C04F79EFBC}") = "Tyuiu.VelizhaninPI.Sprint1.Task1.V14", "Tyuiu.VelizhaninPI.Sprint1.Task1.V14\Tyuiu.VelizhaninPI.Sprint1.Task1.V14.csproj", "{99C77715-0D1A-4C03-AB9F-F16A5BA8BC0C}"
EndProject
Project("{FAE04EC0-301F-11D3-BF4B-00C04F79EFBC}") = "Tyuiu.VelizhaninPI.Sprint1.Task1.V14.Lib", "Tyuiu.VelizhaninPI.Sprint1.Task1.V14.Lib\Tyuiu.VelizhaninPI.Sprint1.Task1.V14.Lib.csproj", "{22826052-4D62-4D96-8905-A7D959C6227B}"
EndProject
Project("{FAE04EC0-301F-11D3-BF4B-00C04F79EFBC}") = "Tyuiu.VelizhaninPI.Sprint1.Task1.V14.Test", "Tyuiu.VelizhaninPI.Sprint1.Task1.V14.Test\Tyuiu.VelizhaninPI.Sprint1.Task1.V14.Test.csproj", "{3C9D92E9-2536-4B44-8516-BD7562DC774E}"
EndProject
Project("{2150E333-8FDC-42A3-9474-1A3956D46DE8}") = "Task2", "Task2", "{E6A8EDE3-80AB-4AD6-9C22-56637EEB7A77}"
EndProject
Project("{FAE04EC0-301F-11D3-BF4B-00C04F79EFBC}") = "Tyuiu.VelizhaninPI.Sprint1.Task2.V20", "Tyuiu.VelizhaninPI.Sprint1.Task2.V20\Tyuiu.VelizhaninPI.Sprint1.Task2.V20.csproj", "{7633E066-DD43-45A2-9D72-EFB7C8B750B0}"
EndProject
Project("{FAE04EC0-301F-11D3-BF4B-00C04F79EFBC}") = "Tyuiu.VelizhaninPI.Sprint1.Task2.V20.Lib", "Tyuiu.VelizhaninPI.Sprint1.Task2.V20.Lib\Tyuiu.VelizhaninPI.Sprint1.Task2.V20.Lib.csproj", "{9861989E-0A8F-4038-9FEA-A98BC99BABD5}"
EndProject
Project("{FAE04EC0-301F-11D3-BF4B-00C04F79EFBC}") = "Tyuiu.VelizhaninPI.Sprint1.Task2.V20.Test", "Tyuiu.VelizhaninPI.Sprint1.Task2.V20.Test\Tyuiu.VelizhaninPI.Sprint1.Task2.V20.Test.csproj", "{3BE31DF6-0020-4A6E-9299-0F18AD95A183}"
EndProject
Project("{2150E333-8FDC-42A3-9474-1A3956D46DE8}") = "Task3", "Task3", "{8A048A3D-46EB-4D48-B9A1-AD9D50627906}"
EndProject
Project("{FAE04EC0-301F-11D3-BF4B-00C04F79EFBC}") = "Tyuiu.VelizhaninPI.Sprint1.Task3.V16", "Tyuiu.VelizhaninPI.Sprint1.Task3.V16\Tyuiu.VelizhaninPI.Sprint1.Task3.V16.csproj", "{E7C9D6FE-0BD3-439D-8C1C-B79FC7339C0B}"
EndProject
Project("{FAE04EC0-301F-11D3-BF4B-00C04F79EFBC}") = "Tyuiu.VelizhaninPI.Sprint1.Task3.V16.Lib", "Tyuiu.VelizhaninPI.Sprint1.Task3.V16.Lib\Tyuiu.VelizhaninPI.Sprint1.Task3.V16.Lib.csproj", "{8FF15BAA-E8A0-47CC-9168-6E5846B985CA}"
EndProject
Project("{FAE04EC0-301F-11D3-BF4B-00C04F79EFBC}") = "Tyuiu.VelizhaninPI.Sprint1.Task3.V16.Test", "Tyuiu.VelizhaninPI.Sprint1.Task3.V16.Test\Tyuiu.VelizhaninPI.Sprint1.Task3.V16.Test.csproj", "{84193795-D6D8-454A-B677-96EC698269F7}"
EndProject
Project("{2150E333-8FDC-42A3-9474-1A3956D46DE8}") = "Task4", "Task4", "{63226AAF-616B-4904-B1DE-63DF09DEA23E}"
EndProject
Project("{FAE04EC0-301F-11D3-BF4B-00C04F79EFBC}") = "Tyuiu.VelizhaninPI.Sprint1.Task4.V27", "Tyuiu.VelizhaninPI.Sprint1.Task4.V27\Tyuiu.VelizhaninPI.Sprint1.Task4.V27.csproj", "{F4659D79-CCB0-412E-BE76-DD1C7DF0CDB5}"
EndProject
Project("{FAE04EC0-301F-11D3-BF4B-00C04F79EFBC}") = "Tyuiu.VelizhaninPI.Sprint1.Task4.V27.Lib", "Tyuiu.VelizhaninPI.Sprint1.Task4.V27.Lib\Tyuiu.VelizhaninPI.Sprint1.Task4.V27.Lib.csproj", "{D2857DC5-6D31-4889-B5FB-4DC6B3BB216C}"
EndProject
Project("{FAE04EC0-301F-11D3-BF4B-00C04F79EFBC}") = "Tyuiu.VelizhaninPI.Sprint1.Task4.V27.Test", "Tyuiu.VelizhaninPI.Sprint1.Task4.V27.Test\Tyuiu.VelizhaninPI.Sprint1.Task4.V27.Test.csproj", "{6EB30B39-DAC0-44D5-97BD-03E5DF755D90}"
EndProject
Project("{2150E333-8FDC-42A3-9474-1A3956D46DE8}") = "Task5", "Task5", "{4835E97B-4FBC-4F51-AA68-7D1B205C467C}"
EndProject
Project("{FAE04EC0-301F-11D3-BF4B-00C04F79EFBC}") = "Tyuiu.VelizhaninPI.Sprint1.Task5.V4", "Tyuiu.VelizhaninPI.Sprint1.Task5.V4\Tyuiu.VelizhaninPI.Sprint1.Task5.V4.csproj", "{C958CB08-F265-4CCA-A229-184203F9AA9A}"
EndProject
Project("{FAE04EC0-301F-11D3-BF4B-00C04F79EFBC}") = "Tyuiu.VelizhaninPI.Sprint1.Task5.V4.Lib", "Tyuiu.VelizhaninPI.Sprint1.Task5.V4.Lib\Tyuiu.VelizhaninPI.Sprint1.Task5.V4.Lib.csproj", "{95C04CA0-8C6F-43D9-B357-68065AC35DF8}"
EndProject
Project("{FAE04EC0-301F-11D3-BF4B-00C04F79EFBC}") = "Tyuiu.VelizhaninPI.Sprint1.Task5.V4.Test", "Tyuiu.VelizhaninPI.Sprint1.Task5.V4.Test\Tyuiu.VelizhaninPI.Sprint1.Task5.V4.Test.csproj", "{C9FFC8A4-A46F-44E0-8FE0-816855E08110}"
EndProject
Project("{2150E333-8FDC-42A3-9474-1A3956D46DE8}") = "Task6", "Task6", "{32F5ACB1-4120-416A-8245-EEA1497B42D2}"
EndProject
Project("{FAE04EC0-301F-11D3-BF4B-00C04F79EFBC}") = "Tyuiu.VelizhaninPI.Sprint1.Task6.V14", "Tyuiu.VelizhaninPI.Sprint1.Task6.V14\Tyuiu.VelizhaninPI.Sprint1.Task6.V14.csproj", "{C48B8FA5-4F62-48A4-95D3-1609EF3A1753}"
EndProject
Project("{FAE04EC0-301F-11D3-BF4B-00C04F79EFBC}") = "Tyuiu.VelizhaninPI.Sprint1.Task6.V14.Lib", "Tyuiu.VelizhaninPI.Sprint1.Task6.V14.Lib\Tyuiu.VelizhaninPI.Sprint1.Task6.V14.Lib.csproj", "{147639C8-C63E-4B77-9E3F-AAD86E45FFD0}"
EndProject
Project("{FAE04EC0-301F-11D3-BF4B-00C04F79EFBC}") = "Tyuiu.VelizhaninPI.Sprint1.Task6.V14.Test", "Tyuiu.VelizhaninPI.Sprint1.Task6.V14.Test\Tyuiu.VelizhaninPI.Sprint1.Task6.V14.Test.csproj", "{4593736F-5DBB-433F-A2DA-78A8C71D6178}"
EndProject
Project("{2150E333-8FDC-42A3-9474-1A3956D46DE8}") = "Task7", "Task7", "{6815CFA7-E119-43BD-9398-7E2133F18D30}"
EndProject
Project("{FAE04EC0-301F-11D3-BF4B-00C04F79EFBC}") = "Tyuiu.VelizhaninPI.Sprint1.Task7.V10", "Tyuiu.VelizhaninPI.Sprint1.Task7.V10\Tyuiu.VelizhaninPI.Sprint1.Task7.V10.csproj", "{C3BFE244-5DDB-4C09-845D-FCE2B888015C}"
EndProject
Project("{FAE04EC0-301F-11D3-BF4B-00C04F79EFBC}") = "Tyuiu.VelizhaninPI.Sprint1.Task7.V10.Lib", "Tyuiu.VelizhaninPI.Sprint1.Task7.V10.Lib\Tyuiu.VelizhaninPI.Sprint1.Task7.V10.Lib.csproj", "{9FF8E1C1-E3D7-4CCE-BBBF-DCF66C9CD495}"
EndProject
Project("{FAE04EC0-301F-11D3-BF4B-00C04F79EFBC}") = "Tyuiu.VelizhaninPI.Sprint1.Task7.V10.Test", "Tyuiu.VelizhaninPI.Sprint1.Task7.V10.Test\Tyuiu.VelizhaninPI.Sprint1.Task7.V10.Test.csproj", "{3701770F-E884-4412-9C7D-768F61F05654}"
EndProject
Global
	GlobalSection(SolutionConfigurationPlatforms) = preSolution
		Debug|Any CPU = Debug|Any CPU
		Release|Any CPU = Release|Any CPU
	EndGlobalSection
	GlobalSection(ProjectConfigurationPlatforms) = postSolution
		{75C6D143-FED4-491A-8BEE-344A567C3A1B}.Debug|Any CPU.ActiveCfg = Debug|Any CPU
		{75C6D143-FED4-491A-8BEE-344A567C3A1B}.Debug|Any CPU.Build.0 = Debug|Any CPU
		{75C6D143-FED4-491A-8BEE-344A567C3A1B}.Release|Any CPU.ActiveCfg = Release|Any CPU
		{75C6D143-FED4-491A-8BEE-344A567C3A1B}.Release|Any CPU.Build.0 = Release|Any CPU
		{652AF865-F45D-4E0F-93FB-67CE101BB691}.Debug|Any CPU.ActiveCfg = Debug|Any CPU
		{652AF865-F45D-4E0F-93FB-67CE101BB691}.Debug|Any CPU.Build.0 = Debug|Any CPU
		{652AF865-F45D-4E0F-93FB-67CE101BB691}.Release|Any CPU.ActiveCfg = Release|Any CPU
		{652AF865-F45D-4E0F-93FB-67CE101BB691}.Release|Any CPU.Build.0 = Release|Any CPU
		{DC73FF61-4EA3-4689-86EB-62438127E9A3}.Debug|Any CPU.ActiveCfg = Debug|Any CPU
		{DC73FF61-4EA3-4689-86EB-62438127E9A3}.Debug|Any CPU.Build.0 = Debug|Any CPU
		{DC73FF61-4EA3-4689-86EB-62438127E9A3}.Release|Any CPU.ActiveCfg = Release|Any CPU
		{DC73FF61-4EA3-4689-86EB-62438127E9A3}.Release|Any CPU.Build.0 = Release|Any CPU
		{99C77715-0D1A-4C03-AB9F-F16A5BA8BC0C}.Debug|Any CPU.ActiveCfg = Debug|Any CPU
		{99C77715-0D1A-4C03-AB9F-F16A5BA8BC0C}.Debug|Any CPU.Build.0 = Debug|Any CPU
		{99C77715-0D1A-4C03-AB9F-F16A5BA8BC0C}.Release|Any CPU.ActiveCfg = Release|Any CPU
		{99C77715-0D1A-4C03-AB9F-F16A5BA8BC0C}.Release|Any CPU.Build.0 = Release|Any CPU
		{22826052-4D62-4D96-8905-A7D959C6227B}.Debug|Any CPU.ActiveCfg = Debug|Any CPU
		{22826052-4D62-4D96-8905-A7D959C6227B}.Debug|Any CPU.Build.0 = Debug|Any CPU
		{22826052-4D62-4D96-8905-A7D959C6227B}.Release|Any CPU.ActiveCfg = Release|Any CPU
		{22826052-4D62-4D96-8905-A7D959C6227B}.Release|Any CPU.Build.0 = Release|Any CPU
		{3C9D92E9-2536-4B44-8516-BD7562DC774E}.Debug|Any CPU.ActiveCfg = Debug|Any CPU
		{3C9D92E9-2536-4B44-8516-BD7562DC774E}.Debug|Any CPU.Build.0 = Debug|Any CPU
		{3C9D92E9-2536-4B44-8516-BD7562DC774E}.Release|Any CPU.ActiveCfg = Release|Any CPU
		{3C9D92E9-2536-4B44-8516-BD7562DC774E}.Release|Any CPU.Build.0 = Release|Any CPU
		{7633E066-DD43-45A2-9D72-EFB7C8B750B0}.Debug|Any CPU.ActiveCfg = Debug|Any CPU
		{7633E066-DD43-45A2-9D72-EFB7C8B750B0}.Debug|Any CPU.Build.0 = Debug|Any CPU
		{7633E066-DD43-45A2-9D72-EFB7C8B750B0}.Release|Any CPU.ActiveCfg = Release|Any CPU
		{7633E066-DD43-45A2-9D72-EFB7C8B750B0}.Release|Any CPU.Build.0 = Release|Any CPU
		{9861989E-0A8F-4038-9FEA-A98BC99BABD5}.Debug|Any CPU.ActiveCfg = Debug|Any CPU
		{9861989E-0A8F-4038-9FEA-A98BC99BABD5}.Debug|Any CPU.Build.0 = Debug|Any CPU
		{9861989E-0A8F-4038-9FEA-A98BC99BABD5}.Release|Any CPU.ActiveCfg = Release|Any CPU
		{9861989E-0A8F-4038-9FEA-A98BC99BABD5}.Release|Any CPU.Build.0 = Release|Any CPU
		{3BE31DF6-0020-4A6E-9299-0F18AD95A183}.Debug|Any CPU.ActiveCfg = Debug|Any CPU
		{3BE31DF6-0020-4A6E-9299-0F18AD95A183}.Debug|Any CPU.Build.0 = Debug|Any CPU
		{3BE31DF6-0020-4A6E-9299-0F18AD95A183}.Release|Any CPU.ActiveCfg = Release|Any CPU
		{3BE31DF6-0020-4A6E-9299-0F18AD95A183}.Release|Any CPU.Build.0 = Release|Any CPU
		{E7C9D6FE-0BD3-439D-8C1C-B79FC7339C0B}.Debug|Any CPU.ActiveCfg = Debug|Any CPU
		{E7C9D6FE-0BD3-439D-8C1C-B79FC7339C0B}.Debug|Any CPU.Build.0 = Debug|Any CPU
		{E7C9D6FE-0BD3-439D-8C1C-B79FC7339C0B}.Release|Any CPU.ActiveCfg = Release|Any CPU
		{E7C9D6FE-0BD3-439D-8C1C-B79FC7339C0B}.Release|Any CPU.Build.0 = Release|Any CPU
		{8FF15BAA-E8A0-47CC-9168-6E5846B985CA}.Debug|Any CPU.ActiveCfg = Debug|Any CPU
		{8FF15BAA-E8A0-47CC-9168-6E5846B985CA}.Debug|Any CPU.Build.0 = Debug|Any CPU
		{8FF15BAA-E8A0-47CC-9168-6E5846B985CA}.Release|Any CPU.ActiveCfg = Release|Any CPU
		{8FF15BAA-E8A0-47CC-9168-6E5846B985CA}.Release|Any CPU.Build.0 = Release|Any CPU
		{84193795-D6D8-454A-B677-96EC698269F7}.Debug|Any CPU.ActiveCfg = Debug|Any CPU
		{84193795-D6D8-454A-B677-96EC698269F7}.Debug|Any CPU.Build.0 = Debug|Any CPU
		{84193795-D6D8-454A-B677-96EC698269F7}.Release|Any CPU.ActiveCfg = Release|Any CPU
		{84193795-D6D8-454A-B677-96EC698269F7}.Release|Any CPU.Build.0 = Release|Any CPU
		{F4659D79-CCB0-412E-BE76-DD1C7DF0CDB5}.Debug|Any CPU.ActiveCfg = Debug|Any CPU
		{F4659D79-CCB0-412E-BE76-DD1C7DF0CDB5}.Debug|Any CPU.Build.0 = Debug|Any CPU
		{F4659D79-CCB0-412E-BE76-DD1C7DF0CDB5}.Release|Any CPU.ActiveCfg = Release|Any CPU
		{F4659D79-CCB0-412E-BE76-DD1C7DF0CDB5}.Release|Any CPU.Build.0 = Release|Any CPU
		{D2857DC5-6D31-4889-B5FB-4DC6B3BB216C}.Debug|Any CPU.ActiveCfg = Debug|Any CPU
		{D2857DC5-6D31-4889-B5FB-4DC6B3BB216C}.Debug|Any CPU.Build.0 = Debug|Any CPU
		{D2857DC5-6D31-4889-B5FB-4DC6B3BB216C}.Release|Any CPU.ActiveCfg = Release|Any CPU
		{D2857DC5-6D31-4889-B5FB-4DC6B3BB216C}.Release|Any CPU.Build.0 = Release|Any CPU
		{6EB30B39-DAC0-44D5-97BD-03E5DF755D90}.Debug|Any CPU.ActiveCfg = Debug|Any CPU
		{6EB30B39-DAC0-44D5-97BD-03E5DF755D90}.Debug|Any CPU.Build.0 = Debug|Any CPU
		{6EB30B39-DAC0-44D5-97BD-03E5DF755D90}.Release|Any CPU.ActiveCfg = Release|Any CPU
		{6EB30B39-DAC0-44D5-97BD-03E5DF755D90}.Release|Any CPU.Build.0 = Release|Any CPU
		{C958CB08-F265-4CCA-A229-184203F9AA9A}.Debug|Any CPU.ActiveCfg = Debug|Any CPU
		{C958CB08-F265-4CCA-A229-184203F9AA9A}.Debug|Any CPU.Build.0 = Debug|Any CPU
		{C958CB08-F265-4CCA-A229-184203F9AA9A}.Release|Any CPU.ActiveCfg = Release|Any CPU
		{C958CB08-F265-4CCA-A229-184203F9AA9A}.Release|Any CPU.Build.0 = Release|Any CPU
		{95C04CA0-8C6F-43D9-B357-68065AC35DF8}.Debug|Any CPU.ActiveCfg = Debug|Any CPU
		{95C04CA0-8C6F-43D9-B357-68065AC35DF8}.Debug|Any CPU.Build.0 = Debug|Any CPU
		{95C04CA0-8C6F-43D9-B357-68065AC35DF8}.Release|Any CPU.ActiveCfg = Release|Any CPU
		{95C04CA0-8C6F-43D9-B357-68065AC35DF8}.Release|Any CPU.Build.0 = Release|Any CPU
		{C9FFC8A4-A46F-44E0-8FE0-816855E08110}.Debug|Any CPU.ActiveCfg = Debug|Any CPU
		{C9FFC8A4-A46F-44E0-8FE0-816855E08110}.Debug|Any CPU.Build.0 = Debug|Any CPU
		{C9FFC8A4-A46F-44E0-8FE0-816855E08110}.Release|Any CPU.ActiveCfg = Release|Any CPU
		{C9FFC8A4-A46F-44E0-8FE0-816855E08110}.Release|Any CPU.Build.0 = Release|Any CPU
		{C48B8FA5-4F62-48A4-95D3-1609EF3A1753}.Debug|Any CPU.ActiveCfg = Debug|Any CPU
		{C48B8FA5-4F62-48A4-95D3-1609EF3A1753}.Debug|Any CPU.Build.0 = Debug|Any CPU
		{C48B8FA5-4F62-48A4-95D3-1609EF3A1753}.Release|Any CPU.ActiveCfg = Release|Any CPU
		{C48B8FA5-4F62-48A4-95D3-1609EF3A1753}.Release|Any CPU.Build.0 = Release|Any CPU
		{147639C8-C63E-4B77-9E3F-AAD86E45FFD0}.Debug|Any CPU.ActiveCfg = Debug|Any CPU
		{147639C8-C63E-4B77-9E3F-AAD86E45FFD0}.Debug|Any CPU.Build.0 = Debug|Any CPU
		{147639C8-C63E-4B77-9E3F-AAD86E45FFD0}.Release|Any CPU.ActiveCfg = Release|Any CPU
		{147639C8-C63E-4B77-9E3F-AAD86E45FFD0}.Release|Any CPU.Build.0 = Release|Any CPU
		{4593736F-5DBB-433F-A2DA-78A8C71D6178}.Debug|Any CPU.ActiveCfg = Debug|Any CPU
		{4593736F-5DBB-433F-A2DA-78A8C71D6178}.Debug|Any CPU.Build.0 = Debug|Any CPU
		{4593736F-5DBB-433F-A2DA-78A8C71D6178}.Release|Any CPU.ActiveCfg = Release|Any CPU
		{4593736F-5DBB-433F-A2DA-78A8C71D6178}.Release|Any CPU.Build.0 = Release|Any CPU
		{C3BFE244-5DDB-4C09-845D-FCE2B888015C}.Debug|Any CPU.ActiveCfg = Debug|Any CPU
		{C3BFE244-5DDB-4C09-845D-FCE2B888015C}.Debug|Any CPU.Build.0 = Debug|Any CPU
		{C3BFE244-5DDB-4C09-845D-FCE2B888015C}.Release|Any CPU.ActiveCfg = Release|Any CPU
		{C3BFE244-5DDB-4C09-845D-FCE2B888015C}.Release|Any CPU.Build.0 = Release|Any CPU
		{9FF8E1C1-E3D7-4CCE-BBBF-DCF66C9CD495}.Debug|Any CPU.ActiveCfg = Debug|Any CPU
		{9FF8E1C1-E3D7-4CCE-BBBF-DCF66C9CD495}.Debug|Any CPU.Build.0 = Debug|Any CPU
		{9FF8E1C1-E3D7-4CCE-BBBF-DCF66C9CD495}.Release|Any CPU.ActiveCfg = Release|Any CPU
		{9FF8E1C1-E3D7-4CCE-BBBF-DCF66C9CD495}.Release|Any CPU.Build.0 = Release|Any CPU
		{3701770F-E884-4412-9C7D-768F61F05654}.Debug|Any CPU.ActiveCfg = Debug|Any CPU
		{3701770F-E884-4412-9C7D-768F61F05654}.Debug|Any CPU.Build.0 = Debug|Any CPU
		{3701770F-E884-4412-9C7D-768F61F05654}.Release|Any CPU.ActiveCfg = Release|Any CPU
		{3701770F-E884-4412-9C7D-768F61F05654}.Release|Any CPU.Build.0 = Release|Any CPU
	EndGlobalSection
	GlobalSection(SolutionProperties) = preSolution
		HideSolutionNode = FALSE
	EndGlobalSection
	GlobalSection(NestedProjects) = preSolution
		{75C6D143-FED4-491A-8BEE-344A567C3A1B} = {2FF66103-315B-46A8-96DC-02BA34329353}
		{652AF865-F45D-4E0F-93FB-67CE101BB691} = {2FF66103-315B-46A8-96DC-02BA34329353}
		{DC73FF61-4EA3-4689-86EB-62438127E9A3} = {2FF66103-315B-46A8-96DC-02BA34329353}
		{99C77715-0D1A-4C03-AB9F-F16A5BA8BC0C} = {0AC966E5-7749-405B-A2CB-BFE852D2A4BC}
		{22826052-4D62-4D96-8905-A7D959C6227B} = {0AC966E5-7749-405B-A2CB-BFE852D2A4BC}
		{3C9D92E9-2536-4B44-8516-BD7562DC774E} = {0AC966E5-7749-405B-A2CB-BFE852D2A4BC}
		{7633E066-DD43-45A2-9D72-EFB7C8B750B0} = {E6A8EDE3-80AB-4AD6-9C22-56637EEB7A77}
		{9861989E-0A8F-4038-9FEA-A98BC99BABD5} = {E6A8EDE3-80AB-4AD6-9C22-56637EEB7A77}
		{3BE31DF6-0020-4A6E-9299-0F18AD95A183} = {E6A8EDE3-80AB-4AD6-9C22-56637EEB7A77}
		{E7C9D6FE-0BD3-439D-8C1C-B79FC7339C0B} = {8A048A3D-46EB-4D48-B9A1-AD9D50627906}
		{8FF15BAA-E8A0-47CC-9168-6E5846B985CA} = {8A048A3D-46EB-4D48-B9A1-AD9D50627906}
		{84193795-D6D8-454A-B677-96EC698269F7} = {8A048A3D-46EB-4D48-B9A1-AD9D50627906}
		{F4659D79-CCB0-412E-BE76-DD1C7DF0CDB5} = {63226AAF-616B-4904-B1DE-63DF09DEA23E}
		{D2857DC5-6D31-4889-B5FB-4DC6B3BB216C} = {63226AAF-616B-4904-B1DE-63DF09DEA23E}
		{6EB30B39-DAC0-44D5-97BD-03E5DF755D90} = {63226AAF-616B-4904-B1DE-63DF09DEA23E}
		{C958CB08-F265-4CCA-A229-184203F9AA9A} = {4835E97B-4FBC-4F51-AA68-7D1B205C467C}
		{95C04CA0-8C6F-43D9-B357-68065AC35DF8} = {4835E97B-4FBC-4F51-AA68-7D1B205C467C}
		{C9FFC8A4-A46F-44E0-8FE0-816855E08110} = {4835E97B-4FBC-4F51-AA68-7D1B205C467C}
		{C48B8FA5-4F62-48A4-95D3-1609EF3A1753} = {32F5ACB1-4120-416A-8245-EEA1497B42D2}
		{147639C8-C63E-4B77-9E3F-AAD86E45FFD0} = {32F5ACB1-4120-416A-8245-EEA1497B42D2}
		{4593736F-5DBB-433F-A2DA-78A8C71D6178} = {32F5ACB1-4120-416A-8245-EEA1497B42D2}
		{C3BFE244-5DDB-4C09-845D-FCE2B888015C} = {6815CFA7-E119-43BD-9398-7E2133F18D30}
		{9FF8E1C1-E3D7-4CCE-BBBF-DCF66C9CD495} = {6815CFA7-E119-43BD-9398-7E2133F18D30}
		{3701770F-E884-4412-9C7D-768F61F05654} = {6815CFA7-E119-43BD-9398-7E2133F18D30}
	EndGlobalSection
	GlobalSection(ExtensibilityGlobals) = postSolution
		SolutionGuid = {3B34B95E-5E6A-46AE-9BDE-A994123EA170}
	EndGlobalSection
EndGlobal
